
Microsoft Visual Studio Solution File, Format Version 12.00
# Visual Studio Version 17
VisualStudioVersion = 17.4.33103.184
MinimumVisualStudioVersion = 10.0.40219.1
Project("{FAE04EC0-301F-11D3-BF4B-00C04F79EFBC}") = "FruitStack", "FruitStack\FruitStack.csproj", "{2D213FE9-FE19-4BDF-A2F0-DA7EC06CF8E7}"
EndProject
Project("{FAE04EC0-301F-11D3-BF4B-00C04F79EFBC}") = "FruitStack.Models", "FruitStack.Models\FruitStack.Models.csproj", "{C90B9F92-909C-4132-8296-2AA9E1AC2406}"
EndProject
Global
	GlobalSection(SolutionConfigurationPlatforms) = preSolution
		Debug|Any CPU = Debug|Any CPU
		Release|Any CPU = Release|Any CPU
	EndGlobalSection
	GlobalSection(ProjectConfigurationPlatforms) = postSolution
		{2D213FE9-FE19-4BDF-A2F0-DA7EC06CF8E7}.Debug|Any CPU.ActiveCfg = Debug|Any CPU
		{2D213FE9-FE19-4BDF-A2F0-DA7EC06CF8E7}.Debug|Any CPU.Build.0 = Debug|Any CPU
		{2D213FE9-FE19-4BDF-A2F0-DA7EC06CF8E7}.Release|Any CPU.ActiveCfg = Release|Any CPU
		{2D213FE9-FE19-4BDF-A2F0-DA7EC06CF8E7}.Release|Any CPU.Build.0 = Release|Any CPU
		{C90B9F92-909C-4132-8296-2AA9E1AC2406}.Debug|Any CPU.ActiveCfg = Debug|Any CPU
		{C90B9F92-909C-4132-8296-2AA9E1AC2406}.Debug|Any CPU.Build.0 = Debug|Any CPU
		{C90B9F92-909C-4132-8296-2AA9E1AC2406}.Release|Any CPU.ActiveCfg = Release|Any CPU
		{C90B9F92-909C-4132-8296-2AA9E1AC2406}.Release|Any CPU.Build.0 = Release|Any CPU
	EndGlobalSection
	GlobalSection(SolutionProperties) = preSolution
		HideSolutionNode = FALSE
	EndGlobalSection
	GlobalSection(ExtensibilityGlobals) = postSolution
		SolutionGuid = {BDA0CCCF-F123-44A3-88DF-9D36BA770445}
	EndGlobalSection
EndGlobal
